
Microsoft Visual Studio Solution File, Format Version 12.00
# Visual Studio Version 17
VisualStudioVersion = 17.9.34622.214
MinimumVisualStudioVersion = 10.0.40219.1
Project("{FAE04EC0-301F-11D3-BF4B-00C04F79EFBC}") = "Zadanie1Singleton", "Zadanie1Singleton\Zadanie1Singleton.csproj", "{9BF30083-1D98-45AC-AA0E-D682124F8BAB}"
EndProject
Global
	GlobalSection(SolutionConfigurationPlatforms) = preSolution
		Debug|Any CPU = Debug|Any CPU
		Release|Any CPU = Release|Any CPU
	EndGlobalSection
	GlobalSection(ProjectConfigurationPlatforms) = postSolution
		{9BF30083-1D98-45AC-AA0E-D682124F8BAB}.Debug|Any CPU.ActiveCfg = Debug|Any CPU
		{9BF30083-1D98-45AC-AA0E-D682124F8BAB}.Debug|Any CPU.Build.0 = Debug|Any CPU
		{9BF30083-1D98-45AC-AA0E-D682124F8BAB}.Release|Any CPU.ActiveCfg = Release|Any CPU
		{9BF30083-1D98-45AC-AA0E-D682124F8BAB}.Release|Any CPU.Build.0 = Release|Any CPU
	EndGlobalSection
	GlobalSection(SolutionProperties) = preSolution
		HideSolutionNode = FALSE
	EndGlobalSection
	GlobalSection(ExtensibilityGlobals) = postSolution
		SolutionGuid = {FC0A5DA6-201D-42B8-B617-6B0B80A2C2B4}
	EndGlobalSection
EndGlobal
